{
  "name": "video-editor",
  "version": "1.0.0",
  "lockfileVersion": 3,
  "requires": true,
  "packages": {
    "": {
      "name": "video-editor",
      "version": "1.0.0",
      "license": "ISC",
      "dependencies": {
        "cpeak": "^1.4.0"
      }
    },
    "node_modules/cpeak": {
      "version": "1.4.0",
      "resolved": "https://registry.npmjs.org/cpeak/-/cpeak-1.4.0.tgz",
      "integrity": "sha512-jdFX9ugqPxXDCf9ruGMVuA/ojswZA1qaJPoqNVifoUETA5RLJuiWqs4vLG8gCGVRzp8Seb8SAbW9BY7jjYS+RA=="
    }
  }
}
